
Microsoft Visual Studio Solution File, Format Version 12.00
# Visual Studio Version 16
VisualStudioVersion = 16.0.30804.86
MinimumVisualStudioVersion = 10.0.40219.1
Project("{FAE04EC0-301F-11D3-BF4B-00C04F79EFBC}") = "Api", "Api\Api.csproj", "{EE8ACEC1-DFFF-4A5F-8FBD-07E73705B94B}"
EndProject
Project("{FAE04EC0-301F-11D3-BF4B-00C04F79EFBC}") = "Domain", "Domain\Domain.csproj", "{185186B3-A808-4185-A3AF-E370214B85E0}"
EndProject
Global
	GlobalSection(SolutionConfigurationPlatforms) = preSolution
		Debug|Any CPU = Debug|Any CPU
		Release|Any CPU = Release|Any CPU
	EndGlobalSection
	GlobalSection(ProjectConfigurationPlatforms) = postSolution
		{EE8ACEC1-DFFF-4A5F-8FBD-07E73705B94B}.Debug|Any CPU.ActiveCfg = Debug|Any CPU
		{EE8ACEC1-DFFF-4A5F-8FBD-07E73705B94B}.Debug|Any CPU.Build.0 = Debug|Any CPU
		{EE8ACEC1-DFFF-4A5F-8FBD-07E73705B94B}.Release|Any CPU.ActiveCfg = Release|Any CPU
		{EE8ACEC1-DFFF-4A5F-8FBD-07E73705B94B}.Release|Any CPU.Build.0 = Release|Any CPU
		{185186B3-A808-4185-A3AF-E370214B85E0}.Debug|Any CPU.ActiveCfg = Debug|Any CPU
		{185186B3-A808-4185-A3AF-E370214B85E0}.Debug|Any CPU.Build.0 = Debug|Any CPU
		{185186B3-A808-4185-A3AF-E370214B85E0}.Release|Any CPU.ActiveCfg = Release|Any CPU
		{185186B3-A808-4185-A3AF-E370214B85E0}.Release|Any CPU.Build.0 = Release|Any CPU
	EndGlobalSection
	GlobalSection(SolutionProperties) = preSolution
		HideSolutionNode = FALSE
	EndGlobalSection
	GlobalSection(ExtensibilityGlobals) = postSolution
		SolutionGuid = {EDF60743-F6D2-4B22-B816-31A5CEFF641C}
	EndGlobalSection
EndGlobal
